
Microsoft Visual Studio Solution File, Format Version 10.00
# Visual Studio 2008
Project("{FAE04EC0-301F-11D3-BF4B-00C04F79EFBC}") = "MpcHcRemoteControl", "MPCHCControl\MpcHcRemoteControl.csproj", "{956FE14D-F44A-4680-B951-60ACE6302022}"
EndProject
Project("{FAE04EC0-301F-11D3-BF4B-00C04F79EFBC}") = "MpcHcTest", "MPCHCTest\MpcHcTest.csproj", "{83AD5E93-0DC9-4879-B5B9-266283BF9491}"
EndProject
Global
	GlobalSection(SolutionConfigurationPlatforms) = preSolution
		Debug|Any CPU = Debug|Any CPU
		Release|Any CPU = Release|Any CPU
	EndGlobalSection
	GlobalSection(ProjectConfigurationPlatforms) = postSolution
		{956FE14D-F44A-4680-B951-60ACE6302022}.Debug|Any CPU.ActiveCfg = Debug|Any CPU
		{956FE14D-F44A-4680-B951-60ACE6302022}.Debug|Any CPU.Build.0 = Debug|Any CPU
		{956FE14D-F44A-4680-B951-60ACE6302022}.Release|Any CPU.ActiveCfg = Release|Any CPU
		{956FE14D-F44A-4680-B951-60ACE6302022}.Release|Any CPU.Build.0 = Release|Any CPU
		{83AD5E93-0DC9-4879-B5B9-266283BF9491}.Debug|Any CPU.ActiveCfg = Debug|Any CPU
		{83AD5E93-0DC9-4879-B5B9-266283BF9491}.Debug|Any CPU.Build.0 = Debug|Any CPU
		{83AD5E93-0DC9-4879-B5B9-266283BF9491}.Release|Any CPU.ActiveCfg = Release|Any CPU
		{83AD5E93-0DC9-4879-B5B9-266283BF9491}.Release|Any CPU.Build.0 = Release|Any CPU
	EndGlobalSection
	GlobalSection(SolutionProperties) = preSolution
		HideSolutionNode = FALSE
	EndGlobalSection
EndGlobal
